PODS:
  - Alamofire (4.8.1)
  - AlamofireImage (3.5.0):
    - Alamofire (~> 4.8)
  - Branch (0.26.0):
    - Branch/Core (= 0.26.0)
  - Branch/Core (0.26.0)
  - BRYXBanner (0.8.3)
  - CBPinEntryView (1.6.1)
  - Cosmos (18.0.1)
  - CountryPickerView (2.2.1)
  - DatePickerDialog (2.0)
  - EAIntroView (2.12.0):
    - EARestrictedScrollView (~> 1.1.0)
  - EARestrictedScrollView (1.1.0)
  - ExpandableCell (1.3.0)
  - Firebase/Core (5.16.0):
    - Firebase/CoreOnly
    - FirebaseAnalytics (= 5.5.0)
  - Firebase/CoreOnly (5.16.0):
    - FirebaseCore (= 5.2.0)
  - Firebase/Messaging (5.16.0):
    - Firebase/CoreOnly
    - FirebaseMessaging (= 3.3.0)
  - FirebaseAnalytics (5.5.0):
    - FirebaseCore (~> 5.2)
    - FirebaseInstanceID (~> 3.4)
    - GoogleAppMeasurement (= 5.5.0)
    - GoogleUtilities/AppDelegateSwizzler (~> 5.2)
    - GoogleUtilities/MethodSwizzler (~> 5.2)
    - GoogleUtilities/Network (~> 5.2)
    - "GoogleUtilities/NSData+zlib (~> 5.2)"
    - nanopb (~> 0.3)
  - FirebaseAnalyticsInterop (1.1.0)
  - FirebaseCore (5.2.0):
    - GoogleUtilities/Logger (~> 5.2)
  - FirebaseInstanceID (3.4.0):
    - FirebaseCore (~> 5.2)
    - GoogleUtilities/Environment (~> 5.3)
    - GoogleUtilities/UserDefaults (~> 5.3)
  - FirebaseMessaging (3.3.0):
    - FirebaseAnalyticsInterop (~> 1.1)
    - FirebaseCore (~> 5.2)
    - FirebaseInstanceID (~> 3.4)
    - GoogleUtilities/Environment (~> 5.2)
    - GoogleUtilities/Reachability (~> 5.2)
    - Protobuf (~> 3.1)
  - FittedSheets (1.2.1)
  - GoogleAppMeasurement (5.5.0):
    - GoogleUtilities/AppDelegateSwizzler (~> 5.2)
    - GoogleUtilities/MethodSwizzler (~> 5.2)
    - GoogleUtilities/Network (~> 5.2)
    - "GoogleUtilities/NSData+zlib (~> 5.2)"
    - nanopb (~> 0.3)
  - GoogleMaps (3.0.2):
    - GoogleMaps/Maps (= 3.0.2)
  - GoogleMaps/Base (3.0.2)
  - GoogleMaps/Maps (3.0.2):
    - GoogleMaps/Base
  - GooglePlaces (3.0.2):
    - GoogleMaps/Base (= 3.0.2)
  - GoogleUtilities/AppDelegateSwizzler (5.3.7):
    - GoogleUtilities/Environment
    - GoogleUtilities/Logger
    - GoogleUtilities/Network
  - GoogleUtilities/Environment (5.3.7)
  - GoogleUtilities/Logger (5.3.7):
    - GoogleUtilities/Environment
  - GoogleUtilities/MethodSwizzler (5.3.7):
    - GoogleUtilities/Logger
  - GoogleUtilities/Network (5.3.7):
    - GoogleUtilities/Logger
    - "GoogleUtilities/NSData+zlib"
    - GoogleUtilities/Reachability
  - "GoogleUtilities/NSData+zlib (5.3.7)"
  - GoogleUtilities/Reachability (5.3.7):
    - GoogleUtilities/Logger
  - GoogleUtilities/UserDefaults (5.3.7):
    - GoogleUtilities/Logger
  - ImageSlideshow (1.7.0):
    - ImageSlideshow/Core (= 1.7.0)
  - ImageSlideshow/Core (1.7.0)
  - IQKeyboardManagerSwift (6.2.0)
  - JJFloatingActionButton (1.2.0)
  - Kingfisher (5.1.0)
  - MarqueeLabel/Swift (3.2.0)
  - MaterialComponents/BottomSheet (76.1.2):
    - MaterialComponents/private/KeyboardWatcher
    - MaterialComponents/private/Math
    - MaterialComponents/ShapeLibrary
    - MaterialComponents/Shapes
  - MaterialComponents/private/Application (76.1.2)
  - MaterialComponents/private/KeyboardWatcher (76.1.2):
    - MaterialComponents/private/Application
  - MaterialComponents/private/Math (76.1.2)
  - MaterialComponents/ShadowElevations (76.1.2)
  - MaterialComponents/ShadowLayer (76.1.2):
    - MaterialComponents/ShadowElevations
  - MaterialComponents/ShapeLibrary (76.1.2):
    - MaterialComponents/private/Math
    - MaterialComponents/Shapes
  - MaterialComponents/Shapes (76.1.2):
    - MaterialComponents/private/Math
    - MaterialComponents/ShadowLayer
  - MOLH (0.8)
  - MultilineTextField (0.2.3)
  - nanopb (0.3.901):
    - nanopb/decode (= 0.3.901)
    - nanopb/encode (= 0.3.901)
  - nanopb/decode (0.3.901)
  - nanopb/encode (0.3.901)
  - Protobuf (3.6.1)
  - RangeSeekSlider (1.7.0)
  - ReadMoreTextView (3.0.1)
  - Realm (3.13.1):
    - Realm/Headers (= 3.13.1)
  - Realm/Headers (3.13.1)
  - RealmSwift (3.13.1):
    - Realm (= 3.13.1)
  - Sheeeeeeeeet (1.2.4)
  - SimpleCheckbox (1.5.0)
  - SkyFloatingLabelTextField (3.6.0)
  - SnapKit (4.0.1)
  - SVProgressHUD (2.2.5)
  - SwiftDate (4.5.1)
  - SwiftyGif (4.2.0)
  - SwiftyJSON (4.2.0)
  - ZHChat (0.2.9)

DEPENDENCIES:
  - Alamofire
  - AlamofireImage (~> 3.5)
  - Branch
  - BRYXBanner
  - CBPinEntryView
  - Cosmos (~> 18.0)
  - CountryPickerView
  - DatePickerDialog
  - EAIntroView
  - ExpandableCell
  - Firebase/Core
  - Firebase/Messaging
  - FittedSheets
  - GoogleMaps
  - GooglePlaces
  - ImageSlideshow (~> 1.6)
  - IQKeyboardManagerSwift
  - JJFloatingActionButton
  - Kingfisher (~> 5.0)
  - MarqueeLabel/Swift
  - MaterialComponents/BottomSheet
  - MOLH
  - MultilineTextField
  - RangeSeekSlider
  - ReadMoreTextView
  - RealmSwift
  - Sheeeeeeeeet
  - SimpleCheckbox
  - SkyFloatingLabelTextField (~> 3.0)
  - SnapKit (~> 4.0.0)
  - SVProgressHUD
  - SwiftDate (~> 4.0)
  - SwiftyGif
  - SwiftyJSON (~> 4.0)
  - ZHChat (~> 0.2.1)

SPEC REPOS:
  https://github.com/cocoapods/specs.git:
    - Alamofire
    - AlamofireImage
    - Branch
    - BRYXBanner
    - CBPinEntryView
    - Cosmos
    - CountryPickerView
    - DatePickerDialog
    - EAIntroView
    - EARestrictedScrollView
    - ExpandableCell
    - Firebase
    - FirebaseAnalytics
    - FirebaseAnalyticsInterop
    - FirebaseCore
    - FirebaseInstanceID
    - FirebaseMessaging
    - FittedSheets
    - GoogleAppMeasurement
    - GoogleMaps
    - GooglePlaces
    - GoogleUtilities
    - ImageSlideshow
    - IQKeyboardManagerSwift
    - JJFloatingActionButton
    - Kingfisher
    - MarqueeLabel
    - MaterialComponents
    - MOLH
    - MultilineTextField
    - nanopb
    - Protobuf
    - RangeSeekSlider
    - ReadMoreTextView
    - Realm
    - RealmSwift
    - Sheeeeeeeeet
    - SimpleCheckbox
    - SkyFloatingLabelTextField
    - SnapKit
    - SVProgressHUD
    - SwiftDate
    - SwiftyGif
    - SwiftyJSON
    - ZHChat

SPEC CHECKSUMS:
  Alamofire: 16ce2c353fb72865124ddae8a57c5942388f4f11
  AlamofireImage: 1aea346f4dda2f6c67622fa5a89fcbb80d79cc16
  Branch: 5bf1e0d3f57bfce0b7029c960118641695b294ee
  BRYXBanner: 8cf1b119792e1cee8d7ba107297ef89f7409bc53
  CBPinEntryView: 9837797ee263a05dbe501e8ccbf3e992e758410b
  Cosmos: 7dfaa3f52584ca5f94ab74b5c2e264019cc9f7f5
  CountryPickerView: b21b69a1ed16df0e198b819ad897e885b19f5389
  DatePickerDialog: 5e1c24d9fe6506cd45dbc573eed7b0a251b1c09d
  EAIntroView: 249559079ddfdbe80e5bcb755c04c3b964b2ac27
  EARestrictedScrollView: b0c2a3f92fb2610bb44d71c5e4893777c89e45ef
  ExpandableCell: 69ca7d71971c171473a7a30964d2127f4c6ceaf6
  Firebase: 749a8ff4962f9d8c79dda1966de20f6f77583d67
  FirebaseAnalytics: d35d47c03c50c73c14a7fd31463c5775843e78a9
  FirebaseAnalyticsInterop: e5f21be9af6548372e2f0815834ff909bff395a2
  FirebaseCore: ea2d1816723ef21492b8e9113303e1350db5e08c
  FirebaseInstanceID: 97ea7a5dca9afd72c79bfcdddb7a44aa1cbb42a1
  FirebaseMessaging: acbd51fe1a172bf29abaaa6e93a60f98bbf8e4f9
  FittedSheets: 310fa08422298ed8f10e652a4be48ae772f4bc7c
  GoogleAppMeasurement: 621f3bc6211d5ba548debe01fafad30cf5ab6859
  GoogleMaps: 941cd655e009b4d8e42df19a3d749bc3fccec973
  GooglePlaces: c086e0055dc5f0177d7c9d65fc77a1734f9a4825
  GoogleUtilities: 111a012f4c3a29c9e7c954c082fafd6ee3c999c0
  ImageSlideshow: f8eec5e37a980f60923b585ff23b0e140fd24018
  IQKeyboardManagerSwift: b07ccf9d8cafe993dcd6cb794eb4ba34611a0c4e
  JJFloatingActionButton: 8d3fc4b4c389c6984583cc371fd89deb819fa521
  Kingfisher: fcec238063d17404fca89bf0a850583211c4cbf6
  MarqueeLabel: 440a502b91a9179bd98f9fff00ba1150650a1c0e
  MaterialComponents: 1aef341d47fbaed37ddb5163a01af94cb6da8506
  MOLH: b9766efe89be975ce82a8d5642f681da23c876fc
  MultilineTextField: 10965d9c3e05a182181bd7971eb009c7607001ae
  nanopb: 2901f78ea1b7b4015c860c2fdd1ea2fee1a18d48
  Protobuf: 1eb9700044745f00181c136ef21b8ff3ad5a0fd5
  RangeSeekSlider: 0386c5a9aa5ebcb2fa5238e8a627280cf46c7c0a
  ReadMoreTextView: 19147adf93abce6d7271e14031a00303fe28720d
  Realm: 50071da38fe079e0735e47c9f2eae738c68c5996
  RealmSwift: 8a1e6a02b7a08cd17a31e3115143fb69fe5f3fb9
  Sheeeeeeeeet: 70de6f5b3874d7cf63a18fbdbed7cf32a9d30883
  SimpleCheckbox: 1e59697852ef3caa56a0ed1b40be0f034763b9b9
  SkyFloatingLabelTextField: 38164979b79512f9ff9288ad8acfc4bbf5d843e3
  SnapKit: 0de968a9fec17499afa29683b05d0c775b6d1c29
  SVProgressHUD: 1428aafac632c1f86f62aa4243ec12008d7a51d6
  SwiftDate: 7b56d42a221f582047287deb256b23fc5ed49a60
  SwiftyGif: a149bf84df23370592f3f075561ae02c8632a314
  SwiftyJSON: c4bcba26dd9ec7a027fc8eade48e2c911f229e96
  ZHChat: d554719971be77fb8346a51e3fd8043ff18e1292

PODFILE CHECKSUM: b5c0ba1dd7cc74901ea3c935217721b19eb44450

COCOAPODS: 1.5.3
