PODS:
  - Alamofire (4.8.1)
  - AlamofireImage (3.5.0):
    - Alamofire (~> 4.8)
  - AMPopTip (4.0.1)
  - BMPlayer (1.0.1):
    - BMPlayer/Full (= 1.0.1)
  - BMPlayer/Core (1.0.1)
  - BMPlayer/Full (1.0.1):
    - BMPlayer/Core
    - NVActivityIndicatorView (~> 4.0.0)
    - SnapKit (~> 4.0.0)
  - Branch (0.26.0):
    - Branch/Core (= 0.26.0)
  - Branch/Core (0.26.0)
  - BRYXBanner (0.8.3)
  - CBPinEntryView (1.6.1)
  - Cosmos (18.0.1)
  - CountryPickerView (2.2.1)
  - Crashlytics (3.13.2):
    - Fabric (~> 1.10.2)
  - DatePickerDialog (2.0)
  - DropDown (2.3.13)
  - EAIntroView (2.12.0):
    - EARestrictedScrollView (~> 1.1.0)
  - EARestrictedScrollView (1.1.0)
  - ExpandableCell (1.3.0)
  - Fabric (1.10.2)
  - Firebase/Core (6.3.0):
    - Firebase/CoreOnly
    - FirebaseAnalytics (= 6.0.2)
  - Firebase/CoreOnly (6.3.0):
    - FirebaseCore (= 6.0.3)
  - Firebase/Messaging (6.3.0):
    - Firebase/CoreOnly
    - FirebaseMessaging (~> 4.1.0)
  - FirebaseAnalytics (6.0.2):
    - FirebaseCore (~> 6.0)
    - FirebaseInstanceID (~> 4.2)
    - GoogleAppMeasurement (= 6.0.2)
    - GoogleUtilities/AppDelegateSwizzler (~> 6.0)
    - GoogleUtilities/MethodSwizzler (~> 6.0)
    - GoogleUtilities/Network (~> 6.0)
    - "GoogleUtilities/NSData+zlib (~> 6.0)"
    - nanopb (~> 0.3)
  - FirebaseAnalyticsInterop (1.2.0)
  - FirebaseCore (6.0.3):
    - GoogleUtilities/Environment (~> 6.0)
    - GoogleUtilities/Logger (~> 6.0)
  - FirebaseInstanceID (4.2.0):
    - FirebaseCore (~> 6.0)
    - GoogleUtilities/Environment (~> 6.0)
    - GoogleUtilities/UserDefaults (~> 6.0)
  - FirebaseMessaging (4.1.0):
    - FirebaseAnalyticsInterop (~> 1.1)
    - FirebaseCore (~> 6.0)
    - FirebaseInstanceID (~> 4.1)
    - GoogleUtilities/AppDelegateSwizzler (~> 6.2)
    - GoogleUtilities/Environment (~> 6.2)
    - GoogleUtilities/Reachability (~> 6.2)
    - GoogleUtilities/UserDefaults (~> 6.2)
    - Protobuf (~> 3.1)
  - FittedSheets (1.2.1)
  - GoogleAppMeasurement (6.0.2):
    - GoogleUtilities/AppDelegateSwizzler (~> 6.0)
    - GoogleUtilities/MethodSwizzler (~> 6.0)
    - GoogleUtilities/Network (~> 6.0)
    - "GoogleUtilities/NSData+zlib (~> 6.0)"
    - nanopb (~> 0.3)
  - GoogleMaps (3.0.2):
    - GoogleMaps/Maps (= 3.0.2)
  - GoogleMaps/Base (3.0.2)
  - GoogleMaps/Maps (3.0.2):
    - GoogleMaps/Base
  - GooglePlaces (3.0.2):
    - GoogleMaps/Base (= 3.0.2)
  - GoogleUtilities/AppDelegateSwizzler (6.2.0):
    - GoogleUtilities/Environment
    - GoogleUtilities/Logger
    - GoogleUtilities/Network
  - GoogleUtilities/Environment (6.2.0)
  - GoogleUtilities/Logger (6.2.0):
    - GoogleUtilities/Environment
  - GoogleUtilities/MethodSwizzler (6.2.0):
    - GoogleUtilities/Logger
  - GoogleUtilities/Network (6.2.0):
    - GoogleUtilities/Logger
    - "GoogleUtilities/NSData+zlib"
    - GoogleUtilities/Reachability
  - "GoogleUtilities/NSData+zlib (6.2.0)"
  - GoogleUtilities/Reachability (6.2.0):
    - GoogleUtilities/Logger
  - GoogleUtilities/UserDefaults (6.2.0):
    - GoogleUtilities/Logger
  - ImageSlideshow (1.7.0):
    - ImageSlideshow/Core (= 1.7.0)
  - ImageSlideshow/Core (1.7.0)
  - IQKeyboardManagerSwift (6.2.0)
  - JJFloatingActionButton (1.2.0)
  - Kingfisher (5.1.0)
  - MarqueeLabel/Swift (3.2.0)
  - MaterialComponents/BottomSheet (76.1.2):
    - MaterialComponents/private/KeyboardWatcher
    - MaterialComponents/private/Math
    - MaterialComponents/ShapeLibrary
    - MaterialComponents/Shapes
  - MaterialComponents/private/Application (76.1.2)
  - MaterialComponents/private/KeyboardWatcher (76.1.2):
    - MaterialComponents/private/Application
  - MaterialComponents/private/Math (76.1.2)
  - MaterialComponents/ShadowElevations (76.1.2)
  - MaterialComponents/ShadowLayer (76.1.2):
    - MaterialComponents/ShadowElevations
  - MaterialComponents/ShapeLibrary (76.1.2):
    - MaterialComponents/private/Math
    - MaterialComponents/Shapes
  - MaterialComponents/Shapes (76.1.2):
    - MaterialComponents/private/Math
    - MaterialComponents/ShadowLayer
  - MOLH (0.8)
  - MultilineTextField (0.2.3)
  - MyFatoorah (2.0.24)
  - nanopb (0.3.901):
    - nanopb/decode (= 0.3.901)
    - nanopb/encode (= 0.3.901)
  - nanopb/decode (0.3.901)
  - nanopb/encode (0.3.901)
  - NVActivityIndicatorView (4.0.1):
    - NVActivityIndicatorView/Presenter (= 4.0.1)
  - NVActivityIndicatorView/Presenter (4.0.1)
  - Protobuf (3.8.0)
  - RangeSeekSlider (1.7.0)
  - ReadMoreTextView (3.0.1)
  - Realm (3.16.2):
    - Realm/Headers (= 3.16.2)
  - Realm/Headers (3.16.2)
  - RealmSwift (3.16.2):
    - Realm (= 3.16.2)
  - Sheeeeeeeeet (1.2.4)
  - SimpleCheckbox (1.5.0)
  - SkyFloatingLabelTextField (3.6.0)
  - SnapKit (4.0.1)
  - SVProgressHUD (2.2.5)
  - SwiftDate (4.5.1)
  - SwiftWebVC (0.4.2)
  - SwiftyGif (4.2.0)
  - SwiftyJSON (4.2.0)
  - ValueStepper (1.6)
  - ZHChat (0.2.9)
  - ZoomImageView (0.6.0)

DEPENDENCIES:
  - Alamofire
  - AlamofireImage (~> 3.5)
  - AMPopTip
  - BMPlayer
  - Branch
  - BRYXBanner
  - CBPinEntryView
  - Cosmos (~> 18.0)
  - CountryPickerView
  - Crashlytics
  - DatePickerDialog
  - DropDown
  - EAIntroView
  - ExpandableCell
  - Fabric
  - Firebase/Core
  - Firebase/Messaging
  - FittedSheets
  - GoogleMaps
  - GooglePlaces
  - ImageSlideshow (~> 1.6)
  - IQKeyboardManagerSwift
  - JJFloatingActionButton
  - Kingfisher (~> 5.0)
  - MarqueeLabel/Swift
  - MaterialComponents/BottomSheet
  - MOLH
  - MultilineTextField
  - MyFatoorah
  - RangeSeekSlider
  - ReadMoreTextView
  - RealmSwift
  - Sheeeeeeeeet
  - SimpleCheckbox
  - SkyFloatingLabelTextField (~> 3.0)
  - SnapKit (~> 4.0.0)
  - SVProgressHUD
  - SwiftDate (~> 4.0)
  - SwiftWebVC
  - SwiftyGif
  - SwiftyJSON (~> 4.0)
  - ValueStepper
  - ZHChat (~> 0.2.1)
  - ZoomImageView

SPEC REPOS:
  https://github.com/cocoapods/specs.git:
    - Alamofire
    - AlamofireImage
    - AMPopTip
    - BMPlayer
    - Branch
    - BRYXBanner
    - CBPinEntryView
    - Cosmos
    - CountryPickerView
    - Crashlytics
    - DatePickerDialog
    - DropDown
    - EAIntroView
    - EARestrictedScrollView
    - ExpandableCell
    - Fabric
    - Firebase
    - FirebaseAnalytics
    - FirebaseAnalyticsInterop
    - FirebaseCore
    - FirebaseInstanceID
    - FirebaseMessaging
    - FittedSheets
    - GoogleAppMeasurement
    - GoogleMaps
    - GooglePlaces
    - GoogleUtilities
    - ImageSlideshow
    - IQKeyboardManagerSwift
    - JJFloatingActionButton
    - Kingfisher
    - MarqueeLabel
    - MaterialComponents
    - MOLH
    - MultilineTextField
    - MyFatoorah
    - nanopb
    - NVActivityIndicatorView
    - Protobuf
    - RangeSeekSlider
    - ReadMoreTextView
    - Realm
    - RealmSwift
    - Sheeeeeeeeet
    - SimpleCheckbox
    - SkyFloatingLabelTextField
    - SnapKit
    - SVProgressHUD
    - SwiftDate
    - SwiftWebVC
    - SwiftyGif
    - SwiftyJSON
    - ValueStepper
    - ZHChat
    - ZoomImageView

SPEC CHECKSUMS:
  Alamofire: 16ce2c353fb72865124ddae8a57c5942388f4f11
  AlamofireImage: 1aea346f4dda2f6c67622fa5a89fcbb80d79cc16
  AMPopTip: 41742f15d743203496cfdcd576f41b596b0efae3
  BMPlayer: 44eebf06eb01450dd14ea74b27d07c5222f0eed1
  Branch: 5bf1e0d3f57bfce0b7029c960118641695b294ee
  BRYXBanner: 8cf1b119792e1cee8d7ba107297ef89f7409bc53
  CBPinEntryView: 9837797ee263a05dbe501e8ccbf3e992e758410b
  Cosmos: 7dfaa3f52584ca5f94ab74b5c2e264019cc9f7f5
  CountryPickerView: b21b69a1ed16df0e198b819ad897e885b19f5389
  Crashlytics: 611738c7847f8291a1a51084e35987b86ba6b3ee
  DatePickerDialog: 5e1c24d9fe6506cd45dbc573eed7b0a251b1c09d
  DropDown: 8a2116376c1981888557f72ec2ffc9a5e0e456ec
  EAIntroView: 249559079ddfdbe80e5bcb755c04c3b964b2ac27
  EARestrictedScrollView: b0c2a3f92fb2610bb44d71c5e4893777c89e45ef
  ExpandableCell: 69ca7d71971c171473a7a30964d2127f4c6ceaf6
  Fabric: 706c8b8098fff96c33c0db69cbf81f9c551d0d74
  Firebase: 8432d732974498afd5987e9001a05f90f1a3d625
  FirebaseAnalytics: 470ddab7253b21ad5a40bebd4a9903d7ae19386a
  FirebaseAnalyticsInterop: efbe45c8385ec626e29f9525e5ebd38520dfb6c1
  FirebaseCore: 68f8a7f50cdae542715d4e86afa37c4067217dcb
  FirebaseInstanceID: f20243a1d828e0e9a3798b995174dedc16f1b32a
  FirebaseMessaging: 0ac5310133e6ada4cdd44d42e92038855214a5e9
  FittedSheets: 310fa08422298ed8f10e652a4be48ae772f4bc7c
  GoogleAppMeasurement: a35a645835bae31b6bdc0576396bc23908f12a22
  GoogleMaps: 941cd655e009b4d8e42df19a3d749bc3fccec973
  GooglePlaces: c086e0055dc5f0177d7c9d65fc77a1734f9a4825
  GoogleUtilities: 996e0db07153674fd1b54b220fda3a3dc3547cba
  ImageSlideshow: f8eec5e37a980f60923b585ff23b0e140fd24018
  IQKeyboardManagerSwift: b07ccf9d8cafe993dcd6cb794eb4ba34611a0c4e
  JJFloatingActionButton: 8d3fc4b4c389c6984583cc371fd89deb819fa521
  Kingfisher: fcec238063d17404fca89bf0a850583211c4cbf6
  MarqueeLabel: 440a502b91a9179bd98f9fff00ba1150650a1c0e
  MaterialComponents: 1aef341d47fbaed37ddb5163a01af94cb6da8506
  MOLH: b9766efe89be975ce82a8d5642f681da23c876fc
  MultilineTextField: 10965d9c3e05a182181bd7971eb009c7607001ae
  MyFatoorah: adf6ba555ca14742611fb87ae308143cf9416c07
  nanopb: 2901f78ea1b7b4015c860c2fdd1ea2fee1a18d48
  NVActivityIndicatorView: 77ed6d7b571643e24899e7858bf9ae2ee4c21f31
  Protobuf: 3f617b9a6e73605565086864c9bc26b2bf2dd5a3
  RangeSeekSlider: 0386c5a9aa5ebcb2fa5238e8a627280cf46c7c0a
  ReadMoreTextView: 19147adf93abce6d7271e14031a00303fe28720d
  Realm: 0e73b4edeb5b6a90da3d83206883b2e34e00eb38
  RealmSwift: a81e650171ef0a5f999df1ed8d39ba8d6fce88a4
  Sheeeeeeeeet: 70de6f5b3874d7cf63a18fbdbed7cf32a9d30883
  SimpleCheckbox: 1e59697852ef3caa56a0ed1b40be0f034763b9b9
  SkyFloatingLabelTextField: 38164979b79512f9ff9288ad8acfc4bbf5d843e3
  SnapKit: 0de968a9fec17499afa29683b05d0c775b6d1c29
  SVProgressHUD: 1428aafac632c1f86f62aa4243ec12008d7a51d6
  SwiftDate: 7b56d42a221f582047287deb256b23fc5ed49a60
  SwiftWebVC: ecc4feaabe5a3f75e059a0a345d3386bb0d16c44
  SwiftyGif: a149bf84df23370592f3f075561ae02c8632a314
  SwiftyJSON: c4bcba26dd9ec7a027fc8eade48e2c911f229e96
  ValueStepper: 8b120c72c8d1391cd874a427485e2e57fda1a0b9
  ZHChat: d554719971be77fb8346a51e3fd8043ff18e1292
  ZoomImageView: 2a88d0c10ad30b9a06c8f5660d51623fb32beed5

PODFILE CHECKSUM: 4c8dbaf4172e4bf95523d83968d2931eff32859f

COCOAPODS: 1.7.2
